
Microsoft Visual Studio Solution File, Format Version 12.00
# Visual Studio 15
VisualStudioVersion = 15.0.28307.438
MinimumVisualStudioVersion = 10.0.40219.1
Project("{FAE04EC0-301F-11D3-BF4B-00C04F79EFBC}") = "lab02-unit-testing", "lab02-unit-testing\lab02-unit-testing.csproj", "{4FF368E3-D282-4954-B054-BE872FB3A3EA}"
EndProject
Project("{FAE04EC0-301F-11D3-BF4B-00C04F79EFBC}") = "XUnitTestProject_UnitTesting", "XUnitTestProject_UnitTesting\XUnitTestProject_UnitTesting.csproj", "{2928B79A-DDA7-4924-8A5F-EDFA54180C7E}"
EndProject
Global
	GlobalSection(SolutionConfigurationPlatforms) = preSolution
		Debug|Any CPU = Debug|Any CPU
		Release|Any CPU = Release|Any CPU
	EndGlobalSection
	GlobalSection(ProjectConfigurationPlatforms) = postSolution
		{4FF368E3-D282-4954-B054-BE872FB3A3EA}.Debug|Any CPU.ActiveCfg = Debug|Any CPU
		{4FF368E3-D282-4954-B054-BE872FB3A3EA}.Debug|Any CPU.Build.0 = Debug|Any CPU
		{4FF368E3-D282-4954-B054-BE872FB3A3EA}.Release|Any CPU.ActiveCfg = Release|Any CPU
		{4FF368E3-D282-4954-B054-BE872FB3A3EA}.Release|Any CPU.Build.0 = Release|Any CPU
		{2928B79A-DDA7-4924-8A5F-EDFA54180C7E}.Debug|Any CPU.ActiveCfg = Debug|Any CPU
		{2928B79A-DDA7-4924-8A5F-EDFA54180C7E}.Debug|Any CPU.Build.0 = Debug|Any CPU
		{2928B79A-DDA7-4924-8A5F-EDFA54180C7E}.Release|Any CPU.ActiveCfg = Release|Any CPU
		{2928B79A-DDA7-4924-8A5F-EDFA54180C7E}.Release|Any CPU.Build.0 = Release|Any CPU
	EndGlobalSection
	GlobalSection(SolutionProperties) = preSolution
		HideSolutionNode = FALSE
	EndGlobalSection
	GlobalSection(ExtensibilityGlobals) = postSolution
		SolutionGuid = {8E4698F5-6312-4616-B4E5-C436CE000494}
	EndGlobalSection
EndGlobal
